// !$*UTF8*$!
{
	archiveVersion = 1;
	classes = {
	};
	objectVersion = 46;
	objects = {

/* Begin PBXBuildFile section */
		9AD46AF51BA5280700B098D2 /* main.m in Sources */ = {isa = PBXBuildFile; fileRef = 9AD46AF41BA5280700B098D2 /* main.m */; };
		9AD46AF81BA5280700B098D2 /* AppDelegate.m in Sources */ = {isa = PBXBuildFile; fileRef = 9AD46AF71BA5280700B098D2 /* AppDelegate.m */; };
		9AD46AFB1BA5280700B098D2 /* ViewController.m in Sources */ = {isa = PBXBuildFile; fileRef = 9AD46AFA1BA5280700B098D2 /* ViewController.m */; };
		9AD46AFE1BA5280700B098D2 /* Main.storyboard in Resources */ = {isa = PBXBuildFile; fileRef = 9AD46AFC1BA5280700B098D2 /* Main.storyboard */; };
		9AD46B001BA5280700B098D2 /* Images.xcassets in Resources */ = {isa = PBXBuildFile; fileRef = 9AD46AFF1BA5280700B098D2 /* Images.xcassets */; };
		9AD46B031BA5280700B098D2 /* LaunchScreen.xib in Resources */ = {isa = PBXBuildFile; fileRef = 9AD46B011BA5280700B098D2 /* LaunchScreen.xib */; };
		9AD46B0F1BA5280700B098D2 /* MyBasicAnimationTests.m in Sources */ = {isa = PBXBuildFile; fileRef = 9AD46B0E1BA5280700B098D2 /* MyBasicAnimationTests.m */; };
		9AD46B191BA5282000B098D2 /* 小毛驴.png in Resources */ = {isa = PBXBuildFile; fileRef = 9AD46B181BA5282000B098D2 /* 小毛驴.png */; };
/* End PBXBuildFile section */

/* Begin PBXContainerItemProxy section */
		9AD46B091BA5280700B098D2 /* PBXContainerItemProxy */ = {
			isa = PBXContainerItemProxy;
			containerPortal = 9AD46AE71BA5280700B098D2 /* Project object */;
			proxyType = 1;
			remoteGlobalIDString = 9AD46AEE1BA5280700B098D2;
			remoteInfo = MyBasicAnimation;
		};
/* End PBXContainerItemProxy section */

/* Begin PBXFileReference section */
		9AD46AEF1BA5280700B098D2 /* MyBasicAnimation.app */ = {isa = PBXFileReference; explicitFileType = wrapper.application; includeInIndex = 0; path = MyBasicAnimation.app; sourceTree = BUILT_PRODUCTS_DIR; };
		9AD46AF31BA5280700B098D2 /* Info.plist */ = {isa = PBXFileReference; lastKnownFileType = text.plist.xml; path = Info.plist; sourceTree = "<group>"; };
		9AD46AF41BA5280700B098D2 /* main.m */ = {isa = PBXFileReference; lastKnownFileType = sourcecode.c.objc; path = main.m; sourceTree = "<group>"; };
		9AD46AF61BA5280700B098D2 /* AppDelegate.h */ = {isa = PBXFileReference; lastKnownFileType = sourcecode.c.h; path = AppDelegate.h; sourceTree = "<group>"; };
		9AD46AF71BA5280700B098D2 /* AppDelegate.m */ = {isa = PBXFileReference; lastKnownFileType = sourcecode.c.objc; path = AppDelegate.m; sourceTree = "<group>"; };
		9AD46AF91BA5280700B098D2 /* ViewController.h */ = {isa = PBXFileReference; lastKnownFileType = sourcecode.c.h; path = ViewController.h; sourceTree = "<group>"; };
		9AD46AFA1BA5280700B098D2 /* ViewController.m */ = {isa = PBXFileReference; lastKnownFileType = sourcecode.c.objc; path = ViewController.m; sourceTree = "<group>"; };
		9AD46AFD1BA5280700B098D2 /* Base */ = {isa = PBXFileReference; lastKnownFileType = file.storyboard; name = Base; path = Base.lproj/Main.storyboard; sourceTree = "<group>"; };
		9AD46AFF1BA5280700B098D2 /* Images.xcassets */ = {isa = PBXFileReference; lastKnownFileType = folder.assetcatalog; path = Images.xcassets; sourceTree = "<group>"; };
		9AD46B021BA5280700B098D2 /* Base */ = {isa = PBXFileReference; lastKnownFileType = file.xib; name = Base; path = Base.lproj/LaunchScreen.xib; sourceTree = "<group>"; };
		9AD46B081BA5280700B098D2 /* MyBasicAnimationTests.xctest */ = {isa = PBXFileReference; explicitFileType = wrapper.cfbundle; includeInIndex = 0; path = MyBasicAnimationTests.xctest; sourceTree = BUILT_PRODUCTS_DIR; };
		9AD46B0D1BA5280700B098D2 /* Info.plist */ = {isa = PBXFileReference; lastKnownFileType = text.plist.xml; path = Info.plist; sourceTree = "<group>"; };
		9AD46B0E1BA5280700B098D2 /* MyBasicAnimationTests.m */ = {isa = PBXFileReference; lastKnownFileType = sourcecode.c.objc; path = MyBasicAnimationTests.m; sourceTree = "<group>"; };
		9AD46B181BA5282000B098D2 /* 小毛驴.png */ = {isa = PBXFileReference; lastKnownFileType = image.png; path = "小毛驴.png"; sourceTree = "<group>"; };
/* End PBXFileReference section */

/* Begin PBXFrameworksBuildPhase section */
		9AD46AEC1BA5280700B098D2 /* Frameworks */ = {
			isa = PBXFrameworksBuildPhase;
			buildActionMask = 2147483647;
			files = (
			);
			runOnlyForDeploymentPostprocessing = 0;
		};
		9AD46B051BA5280700B098D2 /* Frameworks */ = {
			isa = PBXFrameworksBuildPhase;
			buildActionMask = 2147483647;
			files = (
			);
			runOnlyForDeploymentPostprocessing = 0;
		};
/* End PBXFrameworksBuildPhase section */

/* Begin PBXGroup section */
		9AD46AE61BA5280700B098D2 = {
			isa = PBXGroup;
			children = (
				9AD46AF11BA5280700B098D2 /* MyBasicAnimation */,
				9AD46B0B1BA5280700B098D2 /* MyBasicAnimationTests */,
				9AD46AF01BA5280700B098D2 /* Products */,
			);
			sourceTree = "<group>";
		};
		9AD46AF01BA5280700B098D2 /* Products */ = {
			isa = PBXGroup;
			children = (
				9AD46AEF1BA5280700B098D2 /* MyBasicAnimation.app */,
				9AD46B081BA5280700B098D2 /* MyBasicAnimationTests.xctest */,
			);
			name = Products;
			sourceTree = "<group>";
		};
		9AD46AF11BA5280700B098D2 /* MyBasicAnimation */ = {
			isa = PBXGroup;
			children = (
				9AD46AF61BA5280700B098D2 /* AppDelegate.h */,
				9AD46AF71BA5280700B098D2 /* AppDelegate.m */,
				9AD46AF91BA5280700B098D2 /* ViewController.h */,
				9AD46AFA1BA5280700B098D2 /* ViewController.m */,
				9AD46AFC1BA5280700B098D2 /* Main.storyboard */,
				9AD46AFF1BA5280700B098D2 /* Images.xcassets */,
				9AD46B011BA5280700B098D2 /* LaunchScreen.xib */,
				9AD46B181BA5282000B098D2 /* 小毛驴.png */,
				9AD46AF21BA5280700B098D2 /* Supporting Files */,
			);
			path = MyBasicAnimation;
			sourceTree = "<group>";
		};
		9AD46AF21BA5280700B098D2 /* Supporting Files */ = {
			isa = PBXGroup;
			children = (
				9AD46AF31BA5280700B098D2 /* Info.plist */,
				9AD46AF41BA5280700B098D2 /* main.m */,
			);
			name = "Supporting Files";
			sourceTree = "<group>";
		};
		9AD46B0B1BA5280700B098D2 /* MyBasicAnimationTests */ = {
			isa = PBXGroup;
			children = (
				9AD46B0E1BA5280700B098D2 /* MyBasicAnimationTests.m */,
				9AD46B0C1BA5280700B098D2 /* Supporting Files */,
			);
			path = MyBasicAnimationTests;
			sourceTree = "<group>";
		};
		9AD46B0C1BA5280700B098D2 /* Supporting Files */ = {
			isa = PBXGroup;
			children = (
				9AD46B0D1BA5280700B098D2 /* Info.plist */,
			);
			name = "Supporting Files";
			sourceTree = "<group>";
		};
/* End PBXGroup section */

/* Begin PBXNativeTarget section */
		9AD46AEE1BA5280700B098D2 /* MyBasicAnimation */ = {
			isa = PBXNativeTarget;
			buildConfigurationList = 9AD46B121BA5280700B098D2 /* Build configuration list for PBXNativeTarget "MyBasicAnimation" */;
			buildPhases = (
				9AD46AEB1BA5280700B098D2 /* Sources */,
				9AD46AEC1BA5280700B098D2 /* Frameworks */,
				9AD46AED1BA5280700B098D2 /* Resources */,
			);
			buildRules = (
			);
			dependencies = (
			);
			name = MyBasicAnimation;
			productName = MyBasicAnimation;
			productReference = 9AD46AEF1BA5280700B098D2 /* MyBasicAnimation.app */;
			productType = "com.apple.product-type.application";
		};
		9AD46B071BA5280700B098D2 /* MyBasicAnimationTests */ = {
			isa = PBXNativeTarget;
			buildConfigurationList = 9AD46B151BA5280700B098D2 /* Build configuration list for PBXNativeTarget "MyBasicAnimationTests" */;
			buildPhases = (
				9AD46B041BA5280700B098D2 /* Sources */,
				9AD46B051BA5280700B098D2 /* Frameworks */,
				9AD46B061BA5280700B098D2 /* Resources */,
			);
			buildRules = (
			);
			dependencies = (
				9AD46B0A1BA5280700B098D2 /* PBXTargetDependency */,
			);
			name = MyBasicAnimationTests;
			productName = MyBasicAnimationTests;
			productReference = 9AD46B081BA5280700B098D2 /* MyBasicAnimationTests.xctest */;
			productType = "com.apple.product-type.bundle.unit-test";
		};
/* End PBXNativeTarget section */

/* Begin PBXProject section */
		9AD46AE71BA5280700B098D2 /* Project object */ = {
			isa = PBXProject;
			attributes = {
				LastUpgradeCheck = 0630;
				ORGANIZATIONNAME = "陈勇";
				TargetAttributes = {
					9AD46AEE1BA5280700B098D2 = {
						CreatedOnToolsVersion = 6.3.2;
					};
					9AD46B071BA5280700B098D2 = {
						CreatedOnToolsVersion = 6.3.2;
						TestTargetID = 9AD46AEE1BA5280700B098D2;
					};
				};
			};
			buildConfigurationList = 9AD46AEA1BA5280700B098D2 /* Build configuration list for PBXProject "MyBasicAnimation" */;
			compatibilityVersion = "Xcode 3.2";
			developmentRegion = English;
			hasScannedForEncodings = 0;
			knownRegions = (
				en,
				Base,
			);
			mainGroup = 9AD46AE61BA5280700B098D2;
			productRefGroup = 9AD46AF01BA5280700B098D2 /* Products */;
			projectDirPath = "";
			projectRoot = "";
			targets = (
				9AD46AEE1BA5280700B098D2 /* MyBasicAnimation */,
				9AD46B071BA5280700B098D2 /* MyBasicAnimationTests */,
			);
		};
/* End PBXProject section */

/* Begin PBXResourcesBuildPhase section */
		9AD46AED1BA5280700B098D2 /* Resources */ = {
			isa = PBXResourcesBuildPhase;
			buildActionMask = 2147483647;
			files = (
				9AD46B191BA5282000B098D2 /* 小毛驴.png in Resources */,
				9AD46AFE1BA5280700B098D2 /* Main.storyboard in Resources */,
				9AD46B031BA5280700B098D2 /* LaunchScreen.xib in Resources */,
				9AD46B001BA5280700B098D2 /* Images.xcassets in Resources */,
			);
			runOnlyForDeploymentPostprocessing = 0;
		};
		9AD46B061BA5280700B098D2 /* Resources */ = {
			isa = PBXResourcesBuildPhase;
			buildActionMask = 2147483647;
			files = (
			);
			runOnlyForDeploymentPostprocessing = 0;
		};
/* End PBXResourcesBuildPhase section */

/* Begin PBXSourcesBuildPhase section */
		9AD46AEB1BA5280700B098D2 /* Sources */ = {
			isa = PBXSourcesBuildPhase;
			buildActionMask = 2147483647;
			files = (
				9AD46AFB1BA5280700B098D2 /* ViewController.m in Sources */,
				9AD46AF81BA5280700B098D2 /* AppDelegate.m in Sources */,
				9AD46AF51BA5280700B098D2 /* main.m in Sources */,
			);
			runOnlyForDeploymentPostprocessing = 0;
		};
		9AD46B041BA5280700B098D2 /* Sources */ = {
			isa = PBXSourcesBuildPhase;
			buildActionMask = 2147483647;
			files = (
				9AD46B0F1BA5280700B098D2 /* MyBasicAnimationTests.m in Sources */,
			);
			runOnlyForDeploymentPostprocessing = 0;
		};
/* End PBXSourcesBuildPhase section */

/* Begin PBXTargetDependency section */
		9AD46B0A1BA5280700B098D2 /* PBXTargetDependency */ = {
			isa = PBXTargetDependency;
			target = 9AD46AEE1BA5280700B098D2 /* MyBasicAnimation */;
			targetProxy = 9AD46B091BA5280700B098D2 /* PBXContainerItemProxy */;
		};
/* End PBXTargetDependency section */

/* Begin PBXVariantGroup section */
		9AD46AFC1BA5280700B098D2 /* Main.storyboard */ = {
			isa = PBXVariantGroup;
			children = (
				9AD46AFD1BA5280700B098D2 /* Base */,
			);
			name = Main.storyboard;
			sourceTree = "<group>";
		};
		9AD46B011BA5280700B098D2 /* LaunchScreen.xib */ = {
			isa = PBXVariantGroup;
			children = (
				9AD46B021BA5280700B098D2 /* Base */,
			);
			name = LaunchScreen.xib;
			sourceTree = "<group>";
		};
/* End PBXVariantGroup section */

/* Begin XCBuildConfiguration section */
		9AD46B101BA5280700B098D2 /* Debug */ = {
			isa = XCBuildConfiguration;
			buildSettings = {
				ALWAYS_SEARCH_USER_PATHS = NO;
				CLANG_CXX_LANGUAGE_STANDARD = "gnu++0x";
				CLANG_CXX_LIBRARY = "libc++";
				CLANG_ENABLE_MODULES = YES;
				CLANG_ENABLE_OBJC_ARC = YES;
				CLANG_WARN_BOOL_CONVERSION = YES;
				CLANG_WARN_CONSTANT_CONVERSION = YES;
				CLANG_WARN_DIRECT_OBJC_ISA_USAGE = YES_ERROR;
				CLANG_WARN_EMPTY_BODY = YES;
				CLANG_WARN_ENUM_CONVERSION = YES;
				CLANG_WARN_INT_CONVERSION = YES;
				CLANG_WARN_OBJC_ROOT_CLASS = YES_ERROR;
				CLANG_WARN_UNREACHABLE_CODE = YES;
				CLANG_WARN__DUPLICATE_METHOD_MATCH = YES;
				"CODE_SIGN_IDENTITY[sdk=iphoneos*]" = "iPhone Developer";
				COPY_PHASE_STRIP = NO;
				DEBUG_INFORMATION_FORMAT = "dwarf-with-dsym";
				ENABLE_STRICT_OBJC_MSGSEND = YES;
				GCC_C_LANGUAGE_STANDARD = gnu99;
				GCC_DYNAMIC_NO_PIC = NO;
				GCC_NO_COMMON_BLOCKS = YES;
				GCC_OPTIMIZATION_LEVEL = 0;
				GCC_PREPROCESSOR_DEFINITIONS = (
					"DEBUG=1",
					"$(inherited)",
				);
				GCC_SYMBOLS_PRIVATE_EXTERN = NO;
				GCC_WARN_64_TO_32_BIT_CONVERSION = YES;
				GCC_WARN_ABOUT_RETURN_TYPE = YES_ERROR;
				GCC_WARN_UNDECLARED_SELECTOR = YES;
				GCC_WARN_UNINITIALIZED_AUTOS = YES_AGGRESSIVE;
				GCC_WARN_UNUSED_FUNCTION = YES;
				GCC_WARN_UNUSED_VARIABLE = YES;
				IPHONEOS_DEPLOYMENT_TARGET = 8.3;
				MTL_ENABLE_DEBUG_INFO = YES;
				ONLY_ACTIVE_ARCH = YES;
				SDKROOT = iphoneos;
			};
			name = Debug;
		};
		9AD46B111BA5280700B098D2 /* Release */ = {
			isa = XCBuildConfiguration;
			buildSettings = {
				ALWAYS_SEARCH_USER_PATHS = NO;
				CLANG_CXX_LANGUAGE_STANDARD = "gnu++0x";
				CLANG_CXX_LIBRARY = "libc++";
				CLANG_ENABLE_MODULES = YES;
				CLANG_ENABLE_OBJC_ARC = YES;
				CLANG_WARN_BOOL_CONVERSION = YES;
				CLANG_WARN_CONSTANT_CONVERSION = YES;
				CLANG_WARN_DIRECT_OBJC_ISA_USAGE = YES_ERROR;
				CLANG_WARN_EMPTY_BODY = YES;
				CLANG_WARN_ENUM_CONVERSION = YES;
				CLANG_WARN_INT_CONVERSION = YES;
				CLANG_WARN_OBJC_ROOT_CLASS = YES_ERROR;
				CLANG_WARN_UNREACHABLE_CODE = YES;
				CLANG_WARN__DUPLICATE_METHOD_MATCH = YES;
				"CODE_SIGN_IDENTITY[sdk=iphoneos*]" = "iPhone Developer";
				COPY_PHASE_STRIP = NO;
				DEBUG_INFORMATION_FORMAT = "dwarf-with-dsym";
				ENABLE_NS_ASSERTIONS = NO;
				ENABLE_STRICT_OBJC_MSGSEND = YES;
				GCC_C_LANGUAGE_STANDARD = gnu99;
				GCC_NO_COMMON_BLOCKS = YES;
				GCC_WARN_64_TO_32_BIT_CONVERSION = YES;
				GCC_WARN_ABOUT_RETURN_TYPE = YES_ERROR;
				GCC_WARN_UNDECLARED_SELECTOR = YES;
				GCC_WARN_UNINITIALIZED_AUTOS = YES_AGGRESSIVE;
				GCC_WARN_UNUSED_FUNCTION = YES;
				GCC_WARN_UNUSED_VARIABLE = YES;
				IPHONEOS_DEPLOYMENT_TARGET = 8.3;
				MTL_ENABLE_DEBUG_INFO = NO;
				SDKROOT = iphoneos;
				VALIDATE_PRODUCT = YES;
			};
			name = Release;
		};
		9AD46B131BA5280700B098D2 /* Debug */ = {
			isa = XCBuildConfiguration;
			buildSettings = {
				ASSETCATALOG_COMPILER_APPICON_NAME = AppIcon;
				INFOPLIST_FILE = MyBasicAnimation/Info.plist;
				LD_RUNPATH_SEARCH_PATHS = "$(inherited) @executable_path/Frameworks";
				PRODUCT_NAME = "$(TARGET_NAME)";
			};
			name = Debug;
		};
		9AD46B141BA5280700B098D2 /* Release */ = {
			isa = XCBuildConfiguration;
			buildSettings = {
				ASSETCATALOG_COMPILER_APPICON_NAME = AppIcon;
				INFOPLIST_FILE = MyBasicAnimation/Info.plist;
				LD_RUNPATH_SEARCH_PATHS = "$(inherited) @executable_path/Frameworks";
				PRODUCT_NAME = "$(TARGET_NAME)";
			};
			name = Release;
		};
		9AD46B161BA5280700B098D2 /* Debug */ = {
			isa = XCBuildConfiguration;
			buildSettings = {
				BUNDLE_LOADER = "$(TEST_HOST)";
				FRAMEWORK_SEARCH_PATHS = (
					"$(SDKROOT)/Developer/Library/Frameworks",
					"$(inherited)",
				);
				GCC_PREPROCESSOR_DEFINITIONS = (
					"DEBUG=1",
					"$(inherited)",
				);
				INFOPLIST_FILE = MyBasicAnimationTests/Info.plist;
				LD_RUNPATH_SEARCH_PATHS = "$(inherited) @executable_path/Frameworks @loader_path/Frameworks";
				PRODUCT_NAME = "$(TARGET_NAME)";
				TEST_HOST = "$(BUILT_PRODUCTS_DIR)/MyBasicAnimation.app/MyBasicAnimation";
			};
			name = Debug;
		};
		9AD46B171BA5280700B098D2 /* Release */ = {
			isa = XCBuildConfiguration;
			buildSettings = {
				BUNDLE_LOADER = "$(TEST_HOST)";
				FRAMEWORK_SEARCH_PATHS = (
					"$(SDKROOT)/Developer/Library/Frameworks",
					"$(inherited)",
				);
				INFOPLIST_FILE = MyBasicAnimationTests/Info.plist;
				LD_RUNPATH_SEARCH_PATHS = "$(inherited) @executable_path/Frameworks @loader_path/Frameworks";
				PRODUCT_NAME = "$(TARGET_NAME)";
				TEST_HOST = "$(BUILT_PRODUCTS_DIR)/MyBasicAnimation.app/MyBasicAnimation";
			};
			name = Release;
		};
/* End XCBuildConfiguration section */

/* Begin XCConfigurationList section */
		9AD46AEA1BA5280700B098D2 /* Build configuration list for PBXProject "MyBasicAnimation" */ = {
			isa = XCConfigurationList;
			buildConfigurations = (
				9AD46B101BA5280700B098D2 /* Debug */,
				9AD46B111BA5280700B098D2 /* Release */,
			);
			defaultConfigurationIsVisible = 0;
			defaultConfigurationName = Release;
		};
		9AD46B121BA5280700B098D2 /* Build configuration list for PBXNativeTarget "MyBasicAnimation" */ = {
			isa = XCConfigurationList;
			buildConfigurations = (
				9AD46B131BA5280700B098D2 /* Debug */,
				9AD46B141BA5280700B098D2 /* Release */,
			);
			defaultConfigurationIsVisible = 0;
		};
		9AD46B151BA5280700B098D2 /* Build configuration list for PBXNativeTarget "MyBasicAnimationTests" */ = {
			isa = XCConfigurationList;
			buildConfigurations = (
				9AD46B161BA5280700B098D2 /* Debug */,
				9AD46B171BA5280700B098D2 /* Release */,
			);
			defaultConfigurationIsVisible = 0;
		};
/* End XCConfigurationList section */
	};
	rootObject = 9AD46AE71BA5280700B098D2 /* Project object */;
}
